<?xml version="1.0" encoding="utf-8"?>
<Project ToolsVersion="4.0" xmlns="http://schemas.microsoft.com/developer/msbuild/2003">
  <ItemGroup>
    <Filter Include="源文件">
      <UniqueIdentifier>{4FC737F1-C7A5-4376-A066-2A32D752A2FF}</UniqueIdentifier>
      <Extensions>cpp;c;cc;cxx;c++;def;odl;idl;hpj;bat;asm;asmx</Extensions>
    </Filter>
    <Filter Include="头文件">
      <UniqueIdentifier>{93995380-89BD-4b04-88EB-625FBE52EBFB}</UniqueIdentifier>
      <Extensions>h;hh;hpp;hxx;h++;hm;inl;inc;ipp;xsd</Extensions>
    </Filter>
    <Filter Include="资源文件">
      <UniqueIdentifier>{67DA6AB6-F800-4c08-8B7A-83BB121AAD01}</UniqueIdentifier>
      <Extensions>rc;ico;cur;bmp;dlg;rc2;rct;bin;rgs;gif;jpg;jpeg;jpe;resx;tiff;tif;png;wav;mfcribbon-ms</Extensions>
    </Filter>
  </ItemGroup>
  <ItemGroup>
    <ClCompile Include="..\..\src-lua51\lapi.c">
      <Filter>源文件</Filter>
    </ClCompile>
    <ClCompile Include="..\..\src-lua51\lauxlib.c">
      <Filter>源文件</Filter>
    </ClCompile>
    <ClCompile Include="..\..\src-lua51\lbaselib.c">
      <Filter>源文件</Filter>
    </ClCompile>
    <ClCompile Include="..\..\src-lua51\lcode.c">
      <Filter>源文件</Filter>
    </ClCompile>
    <ClCompile Include="..\..\src-lua51\ldblib.c">
      <Filter>源文件</Filter>
    </ClCompile>
    <ClCompile Include="..\..\src-lua51\ldebug.c">
      <Filter>源文件</Filter>
    </ClCompile>
    <ClCompile Include="..\..\src-lua51\ldo.c">
      <Filter>源文件</Filter>
    </ClCompile>
    <ClCompile Include="..\..\src-lua51\ldump.c">
      <Filter>源文件</Filter>
    </ClCompile>
    <ClCompile Include="..\..\src-lua51\lfunc.c">
      <Filter>源文件</Filter>
    </ClCompile>
    <ClCompile Include="..\..\src-lua51\lgc.c">
      <Filter>源文件</Filter>
    </ClCompile>
    <ClCompile Include="..\..\src-lua51\linit.c">
      <Filter>源文件</Filter>
    </ClCompile>
    <ClCompile Include="..\..\src-lua51\liolib.c">
      <Filter>源文件</Filter>
    </ClCompile>
    <ClCompile Include="..\..\src-lua51\llex.c">
      <Filter>源文件</Filter>
    </ClCompile>
    <ClCompile Include="..\..\src-lua51\lmathlib.c">
      <Filter>源文件</Filter>
    </ClCompile>
    <ClCompile Include="..\..\src-lua51\lmem.c">
      <Filter>源文件</Filter>
    </ClCompile>
    <ClCompile Include="..\..\src-lua51\loadlib.c">
      <Filter>源文件</Filter>
    </ClCompile>
    <ClCompile Include="..\..\src-lua51\lobject.c">
      <Filter>源文件</Filter>
    </ClCompile>
    <ClCompile Include="..\..\src-lua51\lopcodes.c">
      <Filter>源文件</Filter>
    </ClCompile>
    <ClCompile Include="..\..\src-lua51\loslib.c">
      <Filter>源文件</Filter>
    </ClCompile>
    <ClCompile Include="..\..\src-lua51\lparser.c">
      <Filter>源文件</Filter>
    </ClCompile>
    <ClCompile Include="..\..\src-lua51\lstate.c">
      <Filter>源文件</Filter>
    </ClCompile>
    <ClCompile Include="..\..\src-lua51\lstring.c">
      <Filter>源文件</Filter>
    </ClCompile>
    <ClCompile Include="..\..\src-lua51\lstrlib.c">
      <Filter>源文件</Filter>
    </ClCompile>
    <ClCompile Include="..\..\src-lua51\ltable.c">
      <Filter>源文件</Filter>
    </ClCompile>
    <ClCompile Include="..\..\src-lua51\ltablib.c">
      <Filter>源文件</Filter>
    </ClCompile>
    <ClCompile Include="..\..\src-lua51\ltm.c">
      <Filter>源文件</Filter>
    </ClCompile>
    <ClCompile Include="..\..\src-lua51\lua.c">
      <Filter>源文件</Filter>
    </ClCompile>
    <ClCompile Include="..\..\src-lua51\lundump.c">
      <Filter>源文件</Filter>
    </ClCompile>
    <ClCompile Include="..\..\src-lua51\lvm.c">
      <Filter>源文件</Filter>
    </ClCompile>
    <ClCompile Include="..\..\src-lua51\lzio.c">
      <Filter>源文件</Filter>
    </ClCompile>
    <ClCompile Include="..\..\src-lua51\print.c">
      <Filter>源文件</Filter>
    </ClCompile>
  </ItemGroup>
  <ItemGroup>
    <ClInclude Include="..\..\src-lua51\lapi.h">
      <Filter>源文件</Filter>
    </ClInclude>
    <ClInclude Include="..\..\src-lua51\lauxlib.h">
      <Filter>源文件</Filter>
    </ClInclude>
    <ClInclude Include="..\..\src-lua51\lcode.h">
      <Filter>源文件</Filter>
    </ClInclude>
    <ClInclude Include="..\..\src-lua51\ldebug.h">
      <Filter>源文件</Filter>
    </ClInclude>
    <ClInclude Include="..\..\src-lua51\ldo.h">
      <Filter>源文件</Filter>
    </ClInclude>
    <ClInclude Include="..\..\src-lua51\lfunc.h">
      <Filter>源文件</Filter>
    </ClInclude>
    <ClInclude Include="..\..\src-lua51\lgc.h">
      <Filter>源文件</Filter>
    </ClInclude>
    <ClInclude Include="..\..\src-lua51\llex.h">
      <Filter>源文件</Filter>
    </ClInclude>
    <ClInclude Include="..\..\src-lua51\llimits.h">
      <Filter>源文件</Filter>
    </ClInclude>
    <ClInclude Include="..\..\src-lua51\lmem.h">
      <Filter>源文件</Filter>
    </ClInclude>
    <ClInclude Include="..\..\src-lua51\lobject.h">
      <Filter>源文件</Filter>
    </ClInclude>
    <ClInclude Include="..\..\src-lua51\lopcodes.h">
      <Filter>源文件</Filter>
    </ClInclude>
    <ClInclude Include="..\..\src-lua51\lparser.h">
      <Filter>源文件</Filter>
    </ClInclude>
    <ClInclude Include="..\..\src-lua51\lstate.h">
      <Filter>源文件</Filter>
    </ClInclude>
    <ClInclude Include="..\..\src-lua51\lstring.h">
      <Filter>源文件</Filter>
    </ClInclude>
    <ClInclude Include="..\..\src-lua51\ltable.h">
      <Filter>源文件</Filter>
    </ClInclude>
    <ClInclude Include="..\..\src-lua51\ltm.h">
      <Filter>源文件</Filter>
    </ClInclude>
    <ClInclude Include="..\..\src-lua51\lua.h">
      <Filter>源文件</Filter>
    </ClInclude>
    <ClInclude Include="..\..\src-lua51\luaconf.h">
      <Filter>源文件</Filter>
    </ClInclude>
    <ClInclude Include="..\..\src-lua51\lualib.h">
      <Filter>源文件</Filter>
    </ClInclude>
    <ClInclude Include="..\..\src-lua51\lundump.h">
      <Filter>源文件</Filter>
    </ClInclude>
    <ClInclude Include="..\..\src-lua51\lvm.h">
      <Filter>源文件</Filter>
    </ClInclude>
    <ClInclude Include="..\..\src-lua51\lzio.h">
      <Filter>源文件</Filter>
    </ClInclude>
  </ItemGroup>
</Project>