<?xml version="1.0" encoding="utf-8"?>
<Project ToolsVersion="4.0" xmlns="http://schemas.microsoft.com/developer/msbuild/2003">
  <ItemGroup>
    <Filter Include="源文件">
      <UniqueIdentifier>{4FC737F1-C7A5-4376-A066-2A32D752A2FF}</UniqueIdentifier>
      <Extensions>cpp;c;cc;cxx;c++;def;odl;idl;hpj;bat;asm;asmx</Extensions>
    </Filter>
    <Filter Include="头文件">
      <UniqueIdentifier>{93995380-89BD-4b04-88EB-625FBE52EBFB}</UniqueIdentifier>
      <Extensions>h;hh;hpp;hxx;h++;hm;inl;inc;ipp;xsd</Extensions>
    </Filter>
    <Filter Include="资源文件">
      <UniqueIdentifier>{67DA6AB6-F800-4c08-8B7A-83BB121AAD01}</UniqueIdentifier>
      <Extensions>rc;ico;cur;bmp;dlg;rc2;rct;bin;rgs;gif;jpg;jpeg;jpe;resx;tiff;tif;png;wav;mfcribbon-ms</Extensions>
    </Filter>
  </ItemGroup>
  <ItemGroup>
    <ClCompile Include="..\..\src-lua53\lapi.c">
      <Filter>源文件</Filter>
    </ClCompile>
    <ClCompile Include="..\..\src-lua53\lauxlib.c">
      <Filter>源文件</Filter>
    </ClCompile>
    <ClCompile Include="..\..\src-lua53\lbaselib.c">
      <Filter>源文件</Filter>
    </ClCompile>
    <ClCompile Include="..\..\src-lua53\lbitlib.c">
      <Filter>源文件</Filter>
    </ClCompile>
    <ClCompile Include="..\..\src-lua53\lcode.c">
      <Filter>源文件</Filter>
    </ClCompile>
    <ClCompile Include="..\..\src-lua53\lcorolib.c">
      <Filter>源文件</Filter>
    </ClCompile>
    <ClCompile Include="..\..\src-lua53\lctype.c">
      <Filter>源文件</Filter>
    </ClCompile>
    <ClCompile Include="..\..\src-lua53\ldblib.c">
      <Filter>源文件</Filter>
    </ClCompile>
    <ClCompile Include="..\..\src-lua53\ldebug.c">
      <Filter>源文件</Filter>
    </ClCompile>
    <ClCompile Include="..\..\src-lua53\ldo.c">
      <Filter>源文件</Filter>
    </ClCompile>
    <ClCompile Include="..\..\src-lua53\ldump.c">
      <Filter>源文件</Filter>
    </ClCompile>
    <ClCompile Include="..\..\src-lua53\lfunc.c">
      <Filter>源文件</Filter>
    </ClCompile>
    <ClCompile Include="..\..\src-lua53\lgc.c">
      <Filter>源文件</Filter>
    </ClCompile>
    <ClCompile Include="..\..\src-lua53\linit.c">
      <Filter>源文件</Filter>
    </ClCompile>
    <ClCompile Include="..\..\src-lua53\liolib.c">
      <Filter>源文件</Filter>
    </ClCompile>
    <ClCompile Include="..\..\src-lua53\llex.c">
      <Filter>源文件</Filter>
    </ClCompile>
    <ClCompile Include="..\..\src-lua53\lmathlib.c">
      <Filter>源文件</Filter>
    </ClCompile>
    <ClCompile Include="..\..\src-lua53\lmem.c">
      <Filter>源文件</Filter>
    </ClCompile>
    <ClCompile Include="..\..\src-lua53\loadlib.c">
      <Filter>源文件</Filter>
    </ClCompile>
    <ClCompile Include="..\..\src-lua53\lobject.c">
      <Filter>源文件</Filter>
    </ClCompile>
    <ClCompile Include="..\..\src-lua53\lopcodes.c">
      <Filter>源文件</Filter>
    </ClCompile>
    <ClCompile Include="..\..\src-lua53\loslib.c">
      <Filter>源文件</Filter>
    </ClCompile>
    <ClCompile Include="..\..\src-lua53\lparser.c">
      <Filter>源文件</Filter>
    </ClCompile>
    <ClCompile Include="..\..\src-lua53\lstate.c">
      <Filter>源文件</Filter>
    </ClCompile>
    <ClCompile Include="..\..\src-lua53\lstring.c">
      <Filter>源文件</Filter>
    </ClCompile>
    <ClCompile Include="..\..\src-lua53\lstrlib.c">
      <Filter>源文件</Filter>
    </ClCompile>
    <ClCompile Include="..\..\src-lua53\ltable.c">
      <Filter>源文件</Filter>
    </ClCompile>
    <ClCompile Include="..\..\src-lua53\ltablib.c">
      <Filter>源文件</Filter>
    </ClCompile>
    <ClCompile Include="..\..\src-lua53\ltm.c">
      <Filter>源文件</Filter>
    </ClCompile>
    <ClCompile Include="..\..\src-lua53\lua.c">
      <Filter>源文件</Filter>
    </ClCompile>
    <ClCompile Include="..\..\src-lua53\lundump.c">
      <Filter>源文件</Filter>
    </ClCompile>
    <ClCompile Include="..\..\src-lua53\lutf8lib.c">
      <Filter>源文件</Filter>
    </ClCompile>
    <ClCompile Include="..\..\src-lua53\lvm.c">
      <Filter>源文件</Filter>
    </ClCompile>
    <ClCompile Include="..\..\src-lua53\lzio.c">
      <Filter>源文件</Filter>
    </ClCompile>
  </ItemGroup>
  <ItemGroup>
    <ClInclude Include="..\..\src-lua53\lapi.h">
      <Filter>源文件</Filter>
    </ClInclude>
    <ClInclude Include="..\..\src-lua53\lauxlib.h">
      <Filter>源文件</Filter>
    </ClInclude>
    <ClInclude Include="..\..\src-lua53\lcode.h">
      <Filter>源文件</Filter>
    </ClInclude>
    <ClInclude Include="..\..\src-lua53\lctype.h">
      <Filter>源文件</Filter>
    </ClInclude>
    <ClInclude Include="..\..\src-lua53\ldebug.h">
      <Filter>源文件</Filter>
    </ClInclude>
    <ClInclude Include="..\..\src-lua53\ldo.h">
      <Filter>源文件</Filter>
    </ClInclude>
    <ClInclude Include="..\..\src-lua53\lfunc.h">
      <Filter>源文件</Filter>
    </ClInclude>
    <ClInclude Include="..\..\src-lua53\lgc.h">
      <Filter>源文件</Filter>
    </ClInclude>
    <ClInclude Include="..\..\src-lua53\llex.h">
      <Filter>源文件</Filter>
    </ClInclude>
    <ClInclude Include="..\..\src-lua53\llimits.h">
      <Filter>源文件</Filter>
    </ClInclude>
    <ClInclude Include="..\..\src-lua53\lmem.h">
      <Filter>源文件</Filter>
    </ClInclude>
    <ClInclude Include="..\..\src-lua53\lobject.h">
      <Filter>源文件</Filter>
    </ClInclude>
    <ClInclude Include="..\..\src-lua53\lopcodes.h">
      <Filter>源文件</Filter>
    </ClInclude>
    <ClInclude Include="..\..\src-lua53\lparser.h">
      <Filter>源文件</Filter>
    </ClInclude>
    <ClInclude Include="..\..\src-lua53\lprefix.h">
      <Filter>源文件</Filter>
    </ClInclude>
    <ClInclude Include="..\..\src-lua53\lstate.h">
      <Filter>源文件</Filter>
    </ClInclude>
    <ClInclude Include="..\..\src-lua53\lstring.h">
      <Filter>源文件</Filter>
    </ClInclude>
    <ClInclude Include="..\..\src-lua53\ltable.h">
      <Filter>源文件</Filter>
    </ClInclude>
    <ClInclude Include="..\..\src-lua53\ltm.h">
      <Filter>源文件</Filter>
    </ClInclude>
    <ClInclude Include="..\..\src-lua53\lua.h">
      <Filter>源文件</Filter>
    </ClInclude>
    <ClInclude Include="..\..\src-lua53\lua.hpp">
      <Filter>源文件</Filter>
    </ClInclude>
    <ClInclude Include="..\..\src-lua53\luaconf.h">
      <Filter>源文件</Filter>
    </ClInclude>
    <ClInclude Include="..\..\src-lua53\lualib.h">
      <Filter>源文件</Filter>
    </ClInclude>
    <ClInclude Include="..\..\src-lua53\lundump.h">
      <Filter>源文件</Filter>
    </ClInclude>
    <ClInclude Include="..\..\src-lua53\lvm.h">
      <Filter>源文件</Filter>
    </ClInclude>
    <ClInclude Include="..\..\src-lua53\lzio.h">
      <Filter>源文件</Filter>
    </ClInclude>
  </ItemGroup>
</Project>